// !$*UTF8*$!
{
	archiveVersion = 1;
	classes = {
	};
	objectVersion = 55;
	objects = {

/* Begin PBXBuildFile section */
		5B4133082A978ADC0067B79D /* NuApp.swift in Sources */ = {isa = PBXBuildFile; fileRef = 5B4133072A978ADC0067B79D /* NuApp.swift */; };
		5B41330A2A978ADC0067B79D /* ContentView.swift in Sources */ = {isa = PBXBuildFile; fileRef = 5B4133092A978ADC0067B79D /* ContentView.swift */; };
		5B41330C2A978ADE0067B79D /* Assets.xcassets in Resources */ = {isa = PBXBuildFile; fileRef = 5B41330B2A978ADE0067B79D /* Assets.xcassets */; };
		5B41330F2A978ADE0067B79D /* Preview Assets.xcassets in Resources */ = {isa = PBXBuildFile; fileRef = 5B41330E2A978ADE0067B79D /* Preview Assets.xcassets */; };
		5B4133192A978ADE0067B79D /* NuTests.swift in Sources */ = {isa = PBXBuildFile; fileRef = 5B4133182A978ADE0067B79D /* NuTests.swift */; };
		5B4133232A978ADE0067B79D /* NuUITests.swift in Sources */ = {isa = PBXBuildFile; fileRef = 5B4133222A978ADE0067B79D /* NuUITests.swift */; };
		5B4133252A978ADE0067B79D /* NuUITestsLaunchTests.swift in Sources */ = {isa = PBXBuildFile; fileRef = 5B4133242A978ADE0067B79D /* NuUITestsLaunchTests.swift */; };
/* End PBXBuildFile section */

/* Begin PBXContainerItemProxy section */
		5B4133152A978ADE0067B79D /* PBXContainerItemProxy */ = {
			isa = PBXContainerItemProxy;
			containerPortal = 5B4132FC2A978ADC0067B79D /* Project object */;
			proxyType = 1;
			remoteGlobalIDString = 5B4133032A978ADC0067B79D;
			remoteInfo = Nu;
		};
		5B41331F2A978ADE0067B79D /* PBXContainerItemProxy */ = {
			isa = PBXContainerItemProxy;
			containerPortal = 5B4132FC2A978ADC0067B79D /* Project object */;
			proxyType = 1;
			remoteGlobalIDString = 5B4133032A978ADC0067B79D;
			remoteInfo = Nu;
		};
/* End PBXContainerItemProxy section */

/* Begin PBXFileReference section */
		5B4133042A978ADC0067B79D /* Nu.app */ = {isa = PBXFileReference; explicitFileType = wrapper.application; includeInIndex = 0; path = Nu.app; sourceTree = BUILT_PRODUCTS_DIR; };
		5B4133072A978ADC0067B79D /* NuApp.swift */ = {isa = PBXFileReference; lastKnownFileType = sourcecode.swift; path = NuApp.swift; sourceTree = "<group>"; };
		5B4133092A978ADC0067B79D /* ContentView.swift */ = {isa = PBXFileReference; lastKnownFileType = sourcecode.swift; path = ContentView.swift; sourceTree = "<group>"; };
		5B41330B2A978ADE0067B79D /* Assets.xcassets */ = {isa = PBXFileReference; lastKnownFileType = folder.assetcatalog; path = Assets.xcassets; sourceTree = "<group>"; };
		5B41330E2A978ADE0067B79D /* Preview Assets.xcassets */ = {isa = PBXFileReference; lastKnownFileType = folder.assetcatalog; path = "Preview Assets.xcassets"; sourceTree = "<group>"; };
		5B4133142A978ADE0067B79D /* NuTests.xctest */ = {isa = PBXFileReference; explicitFileType = wrapper.cfbundle; includeInIndex = 0; path = NuTests.xctest; sourceTree = BUILT_PRODUCTS_DIR; };
		5B4133182A978ADE0067B79D /* NuTests.swift */ = {isa = PBXFileReference; lastKnownFileType = sourcecode.swift; path = NuTests.swift; sourceTree = "<group>"; };
		5B41331E2A978ADE0067B79D /* NuUITests.xctest */ = {isa = PBXFileReference; explicitFileType = wrapper.cfbundle; includeInIndex = 0; path = NuUITests.xctest; sourceTree = BUILT_PRODUCTS_DIR; };
		5B4133222A978ADE0067B79D /* NuUITests.swift */ = {isa = PBXFileReference; lastKnownFileType = sourcecode.swift; path = NuUITests.swift; sourceTree = "<group>"; };
		5B4133242A978ADE0067B79D /* NuUITestsLaunchTests.swift */ = {isa = PBXFileReference; lastKnownFileType = sourcecode.swift; path = NuUITestsLaunchTests.swift; sourceTree = "<group>"; };
/* End PBXFileReference section */

/* Begin PBXFrameworksBuildPhase section */
		5B4133012A978ADC0067B79D /* Frameworks */ = {
			isa = PBXFrameworksBuildPhase;
			buildActionMask = 2147483647;
			files = (
			);
			runOnlyForDeploymentPostprocessing = 0;
		};
		5B4133112A978ADE0067B79D /* Frameworks */ = {
			isa = PBXFrameworksBuildPhase;
			buildActionMask = 2147483647;
			files = (
			);
			runOnlyForDeploymentPostprocessing = 0;
		};
		5B41331B2A978ADE0067B79D /* Frameworks */ = {
			isa = PBXFrameworksBuildPhase;
			buildActionMask = 2147483647;
			files = (
			);
			runOnlyForDeploymentPostprocessing = 0;
		};
/* End PBXFrameworksBuildPhase section */

/* Begin PBXGroup section */
		5B4132FB2A978ADC0067B79D = {
			isa = PBXGroup;
			children = (
				5B4133062A978ADC0067B79D /* Nu */,
				5B4133172A978ADE0067B79D /* NuTests */,
				5B4133212A978ADE0067B79D /* NuUITests */,
				5B4133052A978ADC0067B79D /* Products */,
			);
			sourceTree = "<group>";
		};
		5B4133052A978ADC0067B79D /* Products */ = {
			isa = PBXGroup;
			children = (
				5B4133042A978ADC0067B79D /* Nu.app */,
				5B4133142A978ADE0067B79D /* NuTests.xctest */,
				5B41331E2A978ADE0067B79D /* NuUITests.xctest */,
			);
			name = Products;
			sourceTree = "<group>";
		};
		5B4133062A978ADC0067B79D /* Nu */ = {
			isa = PBXGroup;
			children = (
				5B4133072A978ADC0067B79D /* NuApp.swift */,
				5B4133092A978ADC0067B79D /* ContentView.swift */,
				5B41330B2A978ADE0067B79D /* Assets.xcassets */,
				5B41330D2A978ADE0067B79D /* Preview Content */,
			);
			path = Nu;
			sourceTree = "<group>";
		};
		5B41330D2A978ADE0067B79D /* Preview Content */ = {
			isa = PBXGroup;
			children = (
				5B41330E2A978ADE0067B79D /* Preview Assets.xcassets */,
			);
			path = "Preview Content";
			sourceTree = "<group>";
		};
		5B4133172A978ADE0067B79D /* NuTests */ = {
			isa = PBXGroup;
			children = (
				5B4133182A978ADE0067B79D /* NuTests.swift */,
			);
			path = NuTests;
			sourceTree = "<group>";
		};
		5B4133212A978ADE0067B79D /* NuUITests */ = {
			isa = PBXGroup;
			children = (
				5B4133222A978ADE0067B79D /* NuUITests.swift */,
				5B4133242A978ADE0067B79D /* NuUITestsLaunchTests.swift */,
			);
			path = NuUITests;
			sourceTree = "<group>";
		};
/* End PBXGroup section */

/* Begin PBXNativeTarget section */
		5B4133032A978ADC0067B79D /* Nu */ = {
			isa = PBXNativeTarget;
			buildConfigurationList = 5B4133282A978ADE0067B79D /* Build configuration list for PBXNativeTarget "Nu" */;
			buildPhases = (
				5B4133002A978ADC0067B79D /* Sources */,
				5B4133012A978ADC0067B79D /* Frameworks */,
				5B4133022A978ADC0067B79D /* Resources */,
			);
			buildRules = (
			);
			dependencies = (
			);
			name = Nu;
			productName = Nu;
			productReference = 5B4133042A978ADC0067B79D /* Nu.app */;
			productType = "com.apple.product-type.application";
		};
		5B4133132A978ADE0067B79D /* NuTests */ = {
			isa = PBXNativeTarget;
			buildConfigurationList = 5B41332B2A978ADE0067B79D /* Build configuration list for PBXNativeTarget "NuTests" */;
			buildPhases = (
				5B4133102A978ADE0067B79D /* Sources */,
				5B4133112A978ADE0067B79D /* Frameworks */,
				5B4133122A978ADE0067B79D /* Resources */,
			);
			buildRules = (
			);
			dependencies = (
				5B4133162A978ADE0067B79D /* PBXTargetDependency */,
			);
			name = NuTests;
			productName = NuTests;
			productReference = 5B4133142A978ADE0067B79D /* NuTests.xctest */;
			productType = "com.apple.product-type.bundle.unit-test";
		};
		5B41331D2A978ADE0067B79D /* NuUITests */ = {
			isa = PBXNativeTarget;
			buildConfigurationList = 5B41332E2A978ADE0067B79D /* Build configuration list for PBXNativeTarget "NuUITests" */;
			buildPhases = (
				5B41331A2A978ADE0067B79D /* Sources */,
				5B41331B2A978ADE0067B79D /* Frameworks */,
				5B41331C2A978ADE0067B79D /* Resources */,
			);
			buildRules = (
			);
			dependencies = (
				5B4133202A978ADE0067B79D /* PBXTargetDependency */,
			);
			name = NuUITests;
			productName = NuUITests;
			productReference = 5B41331E2A978ADE0067B79D /* NuUITests.xctest */;
			productType = "com.apple.product-type.bundle.ui-testing";
		};
/* End PBXNativeTarget section */

/* Begin PBXProject section */
		5B4132FC2A978ADC0067B79D /* Project object */ = {
			isa = PBXProject;
			attributes = {
				BuildIndependentTargetsInParallel = 1;
				LastSwiftUpdateCheck = 1320;
				LastUpgradeCheck = 1320;
				TargetAttributes = {
					5B4133032A978ADC0067B79D = {
						CreatedOnToolsVersion = 13.2.1;
					};
					5B4133132A978ADE0067B79D = {
						CreatedOnToolsVersion = 13.2.1;
						TestTargetID = 5B4133032A978ADC0067B79D;
					};
					5B41331D2A978ADE0067B79D = {
						CreatedOnToolsVersion = 13.2.1;
						TestTargetID = 5B4133032A978ADC0067B79D;
					};
				};
			};
			buildConfigurationList = 5B4132FF2A978ADC0067B79D /* Build configuration list for PBXProject "Nu" */;
			compatibilityVersion = "Xcode 13.0";
			developmentRegion = en;
			hasScannedForEncodings = 0;
			knownRegions = (
				en,
				Base,
			);
			mainGroup = 5B4132FB2A978ADC0067B79D;
			productRefGroup = 5B4133052A978ADC0067B79D /* Products */;
			projectDirPath = "";
			projectRoot = "";
			targets = (
				5B4133032A978ADC0067B79D /* Nu */,
				5B4133132A978ADE0067B79D /* NuTests */,
				5B41331D2A978ADE0067B79D /* NuUITests */,
			);
		};
/* End PBXProject section */

/* Begin PBXResourcesBuildPhase section */
		5B4133022A978ADC0067B79D /* Resources */ = {
			isa = PBXResourcesBuildPhase;
			buildActionMask = 2147483647;
			files = (
				5B41330F2A978ADE0067B79D /* Preview Assets.xcassets in Resources */,
				5B41330C2A978ADE0067B79D /* Assets.xcassets in Resources */,
			);
			runOnlyForDeploymentPostprocessing = 0;
		};
		5B4133122A978ADE0067B79D /* Resources */ = {
			isa = PBXResourcesBuildPhase;
			buildActionMask = 2147483647;
			files = (
			);
			runOnlyForDeploymentPostprocessing = 0;
		};
		5B41331C2A978ADE0067B79D /* Resources */ = {
			isa = PBXResourcesBuildPhase;
			buildActionMask = 2147483647;
			files = (
			);
			runOnlyForDeploymentPostprocessing = 0;
		};
/* End PBXResourcesBuildPhase section */

/* Begin PBXSourcesBuildPhase section */
		5B4133002A978ADC0067B79D /* Sources */ = {
			isa = PBXSourcesBuildPhase;
			buildActionMask = 2147483647;
			files = (
				5B41330A2A978ADC0067B79D /* ContentView.swift in Sources */,
				5B4133082A978ADC0067B79D /* NuApp.swift in Sources */,
			);
			runOnlyForDeploymentPostprocessing = 0;
		};
		5B4133102A978ADE0067B79D /* Sources */ = {
			isa = PBXSourcesBuildPhase;
			buildActionMask = 2147483647;
			files = (
				5B4133192A978ADE0067B79D /* NuTests.swift in Sources */,
			);
			runOnlyForDeploymentPostprocessing = 0;
		};
		5B41331A2A978ADE0067B79D /* Sources */ = {
			isa = PBXSourcesBuildPhase;
			buildActionMask = 2147483647;
			files = (
				5B4133232A978ADE0067B79D /* NuUITests.swift in Sources */,
				5B4133252A978ADE0067B79D /* NuUITestsLaunchTests.swift in Sources */,
			);
			runOnlyForDeploymentPostprocessing = 0;
		};
/* End PBXSourcesBuildPhase section */

/* Begin PBXTargetDependency section */
		5B4133162A978ADE0067B79D /* PBXTargetDependency */ = {
			isa = PBXTargetDependency;
			target = 5B4133032A978ADC0067B79D /* Nu */;
			targetProxy = 5B4133152A978ADE0067B79D /* PBXContainerItemProxy */;
		};
		5B4133202A978ADE0067B79D /* PBXTargetDependency */ = {
			isa = PBXTargetDependency;
			target = 5B4133032A978ADC0067B79D /* Nu */;
			targetProxy = 5B41331F2A978ADE0067B79D /* PBXContainerItemProxy */;
		};
/* End PBXTargetDependency section */

/* Begin XCBuildConfiguration section */
		5B4133262A978ADE0067B79D /* Debug */ = {
			isa = XCBuildConfiguration;
			buildSettings = {
				ALWAYS_SEARCH_USER_PATHS = NO;
				CLANG_ANALYZER_NONNULL = YES;
				CLANG_ANALYZER_NUMBER_OBJECT_CONVERSION = YES_AGGRESSIVE;
				CLANG_CXX_LANGUAGE_STANDARD = "gnu++17";
				CLANG_CXX_LIBRARY = "libc++";
				CLANG_ENABLE_MODULES = YES;
				CLANG_ENABLE_OBJC_ARC = YES;
				CLANG_ENABLE_OBJC_WEAK = YES;
				CLANG_WARN_BLOCK_CAPTURE_AUTORELEASING = YES;
				CLANG_WARN_BOOL_CONVERSION = YES;
				CLANG_WARN_COMMA = YES;
				CLANG_WARN_CONSTANT_CONVERSION = YES;
				CLANG_WARN_DEPRECATED_OBJC_IMPLEMENTATIONS = YES;
				CLANG_WARN_DIRECT_OBJC_ISA_USAGE = YES_ERROR;
				CLANG_WARN_DOCUMENTATION_COMMENTS = YES;
				CLANG_WARN_EMPTY_BODY = YES;
				CLANG_WARN_ENUM_CONVERSION = YES;
				CLANG_WARN_INFINITE_RECURSION = YES;
				CLANG_WARN_INT_CONVERSION = YES;
				CLANG_WARN_NON_LITERAL_NULL_CONVERSION = YES;
				CLANG_WARN_OBJC_IMPLICIT_RETAIN_SELF = YES;
				CLANG_WARN_OBJC_LITERAL_CONVERSION = YES;
				CLANG_WARN_OBJC_ROOT_CLASS = YES_ERROR;
				CLANG_WARN_QUOTED_INCLUDE_IN_FRAMEWORK_HEADER = YES;
				CLANG_WARN_RANGE_LOOP_ANALYSIS = YES;
				CLANG_WARN_STRICT_PROTOTYPES = YES;
				CLANG_WARN_SUSPICIOUS_MOVE = YES;
				CLANG_WARN_UNGUARDED_AVAILABILITY = YES_AGGRESSIVE;
				CLANG_WARN_UNREACHABLE_CODE = YES;
				CLANG_WARN__DUPLICATE_METHOD_MATCH = YES;
				COPY_PHASE_STRIP = NO;
				DEBUG_INFORMATION_FORMAT = dwarf;
				ENABLE_STRICT_OBJC_MSGSEND = YES;
				ENABLE_TESTABILITY = YES;
				GCC_C_LANGUAGE_STANDARD = gnu11;
				GCC_DYNAMIC_NO_PIC = NO;
				GCC_NO_COMMON_BLOCKS = YES;
				GCC_OPTIMIZATION_LEVEL = 0;
				GCC_PREPROCESSOR_DEFINITIONS = (
					"DEBUG=1",
					"$(inherited)",
				);
				GCC_WARN_64_TO_32_BIT_CONVERSION = YES;
				GCC_WARN_ABOUT_RETURN_TYPE = YES_ERROR;
				GCC_WARN_UNDECLARED_SELECTOR = YES;
				GCC_WARN_UNINITIALIZED_AUTOS = YES_AGGRESSIVE;
				GCC_WARN_UNUSED_FUNCTION = YES;
				GCC_WARN_UNUSED_VARIABLE = YES;
				IPHONEOS_DEPLOYMENT_TARGET = 15.2;
				MTL_ENABLE_DEBUG_INFO = INCLUDE_SOURCE;
				MTL_FAST_MATH = YES;
				ONLY_ACTIVE_ARCH = YES;
				SDKROOT = iphoneos;
				SWIFT_ACTIVE_COMPILATION_CONDITIONS = DEBUG;
				SWIFT_OPTIMIZATION_LEVEL = "-Onone";
			};
			name = Debug;
		};
		5B4133272A978ADE0067B79D /* Release */ = {
			isa = XCBuildConfiguration;
			buildSettings = {
				ALWAYS_SEARCH_USER_PATHS = NO;
				CLANG_ANALYZER_NONNULL = YES;
				CLANG_ANALYZER_NUMBER_OBJECT_CONVERSION = YES_AGGRESSIVE;
				CLANG_CXX_LANGUAGE_STANDARD = "gnu++17";
				CLANG_CXX_LIBRARY = "libc++";
				CLANG_ENABLE_MODULES = YES;
				CLANG_ENABLE_OBJC_ARC = YES;
				CLANG_ENABLE_OBJC_WEAK = YES;
				CLANG_WARN_BLOCK_CAPTURE_AUTORELEASING = YES;
				CLANG_WARN_BOOL_CONVERSION = YES;
				CLANG_WARN_COMMA = YES;
				CLANG_WARN_CONSTANT_CONVERSION = YES;
				CLANG_WARN_DEPRECATED_OBJC_IMPLEMENTATIONS = YES;
				CLANG_WARN_DIRECT_OBJC_ISA_USAGE = YES_ERROR;
				CLANG_WARN_DOCUMENTATION_COMMENTS = YES;
				CLANG_WARN_EMPTY_BODY = YES;
				CLANG_WARN_ENUM_CONVERSION = YES;
				CLANG_WARN_INFINITE_RECURSION = YES;
				CLANG_WARN_INT_CONVERSION = YES;
				CLANG_WARN_NON_LITERAL_NULL_CONVERSION = YES;
				CLANG_WARN_OBJC_IMPLICIT_RETAIN_SELF = YES;
				CLANG_WARN_OBJC_LITERAL_CONVERSION = YES;
				CLANG_WARN_OBJC_ROOT_CLASS = YES_ERROR;
				CLANG_WARN_QUOTED_INCLUDE_IN_FRAMEWORK_HEADER = YES;
				CLANG_WARN_RANGE_LOOP_ANALYSIS = YES;
				CLANG_WARN_STRICT_PROTOTYPES = YES;
				CLANG_WARN_SUSPICIOUS_MOVE = YES;
				CLANG_WARN_UNGUARDED_AVAILABILITY = YES_AGGRESSIVE;
				CLANG_WARN_UNREACHABLE_CODE = YES;
				CLANG_WARN__DUPLICATE_METHOD_MATCH = YES;
				COPY_PHASE_STRIP = NO;
				DEBUG_INFORMATION_FORMAT = "dwarf-with-dsym";
				ENABLE_NS_ASSERTIONS = NO;
				ENABLE_STRICT_OBJC_MSGSEND = YES;
				GCC_C_LANGUAGE_STANDARD = gnu11;
				GCC_NO_COMMON_BLOCKS = YES;
				GCC_WARN_64_TO_32_BIT_CONVERSION = YES;
				GCC_WARN_ABOUT_RETURN_TYPE = YES_ERROR;
				GCC_WARN_UNDECLARED_SELECTOR = YES;
				GCC_WARN_UNINITIALIZED_AUTOS = YES_AGGRESSIVE;
				GCC_WARN_UNUSED_FUNCTION = YES;
				GCC_WARN_UNUSED_VARIABLE = YES;
				IPHONEOS_DEPLOYMENT_TARGET = 15.2;
				MTL_ENABLE_DEBUG_INFO = NO;
				MTL_FAST_MATH = YES;
				SDKROOT = iphoneos;
				SWIFT_COMPILATION_MODE = wholemodule;
				SWIFT_OPTIMIZATION_LEVEL = "-O";
				VALIDATE_PRODUCT = YES;
			};
			name = Release;
		};
		5B4133292A978ADE0067B79D /* Debug */ = {
			isa = XCBuildConfiguration;
			buildSettings = {
				ASSETCATALOG_COMPILER_APPICON_NAME = AppIcon;
				ASSETCATALOG_COMPILER_GLOBAL_ACCENT_COLOR_NAME = AccentColor;
				CODE_SIGN_STYLE = Automatic;
				CURRENT_PROJECT_VERSION = 1;
				DEVELOPMENT_ASSET_PATHS = "\"Nu/Preview Content\"";
				DEVELOPMENT_TEAM = 52PSRQQ7T3;
				ENABLE_PREVIEWS = YES;
				GENERATE_INFOPLIST_FILE = YES;
				INFOPLIST_KEY_UIApplicationSceneManifest_Generation = YES;
				INFOPLIST_KEY_UIApplicationSupportsIndirectInputEvents = YES;
				INFOPLIST_KEY_UILaunchScreen_Generation = YES;
				INFOPLIST_KEY_UISupportedInterfaceOrientations_iPad = "UIInterfaceOrientationPortrait UIInterfaceOrientationPortraitUpsideDown UIInterfaceOrientationLandscapeLeft UIInterfaceOrientationLandscapeRight";
				INFOPLIST_KEY_UISupportedInterfaceOrientations_iPhone = "UIInterfaceOrientationPortrait UIInterfaceOrientationLandscapeLeft UIInterfaceOrientationLandscapeRight";
				LD_RUNPATH_SEARCH_PATHS = (
					"$(inherited)",
					"@executable_path/Frameworks",
				);
				MARKETING_VERSION = 1.0;
				PRODUCT_BUNDLE_IDENTIFIER = Lau.Nu;
				PRODUCT_NAME = "$(TARGET_NAME)";
				SWIFT_EMIT_LOC_STRINGS = YES;
				SWIFT_VERSION = 5.0;
				TARGETED_DEVICE_FAMILY = "1,2";
			};
			name = Debug;
		};
		5B41332A2A978ADE0067B79D /* Release */ = {
			isa = XCBuildConfiguration;
			buildSettings = {
				ASSETCATALOG_COMPILER_APPICON_NAME = AppIcon;
				ASSETCATALOG_COMPILER_GLOBAL_ACCENT_COLOR_NAME = AccentColor;
				CODE_SIGN_STYLE = Automatic;
				CURRENT_PROJECT_VERSION = 1;
				DEVELOPMENT_ASSET_PATHS = "\"Nu/Preview Content\"";
				DEVELOPMENT_TEAM = 52PSRQQ7T3;
				ENABLE_PREVIEWS = YES;
				GENERATE_INFOPLIST_FILE = YES;
				INFOPLIST_KEY_UIApplicationSceneManifest_Generation = YES;
				INFOPLIST_KEY_UIApplicationSupportsIndirectInputEvents = YES;
				INFOPLIST_KEY_UILaunchScreen_Generation = YES;
				INFOPLIST_KEY_UISupportedInterfaceOrientations_iPad = "UIInterfaceOrientationPortrait UIInterfaceOrientationPortraitUpsideDown UIInterfaceOrientationLandscapeLeft UIInterfaceOrientationLandscapeRight";
				INFOPLIST_KEY_UISupportedInterfaceOrientations_iPhone = "UIInterfaceOrientationPortrait UIInterfaceOrientationLandscapeLeft UIInterfaceOrientationLandscapeRight";
				LD_RUNPATH_SEARCH_PATHS = (
					"$(inherited)",
					"@executable_path/Frameworks",
				);
				MARKETING_VERSION = 1.0;
				PRODUCT_BUNDLE_IDENTIFIER = Lau.Nu;
				PRODUCT_NAME = "$(TARGET_NAME)";
				SWIFT_EMIT_LOC_STRINGS = YES;
				SWIFT_VERSION = 5.0;
				TARGETED_DEVICE_FAMILY = "1,2";
			};
			name = Release;
		};
		5B41332C2A978ADE0067B79D /* Debug */ = {
			isa = XCBuildConfiguration;
			buildSettings = {
				ALWAYS_EMBED_SWIFT_STANDARD_LIBRARIES = YES;
				BUNDLE_LOADER = "$(TEST_HOST)";
				CODE_SIGN_STYLE = Automatic;
				CURRENT_PROJECT_VERSION = 1;
				DEVELOPMENT_TEAM = 52PSRQQ7T3;
				GENERATE_INFOPLIST_FILE = YES;
				IPHONEOS_DEPLOYMENT_TARGET = 15.2;
				MARKETING_VERSION = 1.0;
				PRODUCT_BUNDLE_IDENTIFIER = Lau.NuTests;
				PRODUCT_NAME = "$(TARGET_NAME)";
				SWIFT_EMIT_LOC_STRINGS = NO;
				SWIFT_VERSION = 5.0;
				TARGETED_DEVICE_FAMILY = "1,2";
				TEST_HOST = "$(BUILT_PRODUCTS_DIR)/Nu.app/Nu";
			};
			name = Debug;
		};
		5B41332D2A978ADE0067B79D /* Release */ = {
			isa = XCBuildConfiguration;
			buildSettings = {
				ALWAYS_EMBED_SWIFT_STANDARD_LIBRARIES = YES;
				BUNDLE_LOADER = "$(TEST_HOST)";
				CODE_SIGN_STYLE = Automatic;
				CURRENT_PROJECT_VERSION = 1;
				DEVELOPMENT_TEAM = 52PSRQQ7T3;
				GENERATE_INFOPLIST_FILE = YES;
				IPHONEOS_DEPLOYMENT_TARGET = 15.2;
				MARKETING_VERSION = 1.0;
				PRODUCT_BUNDLE_IDENTIFIER = Lau.NuTests;
				PRODUCT_NAME = "$(TARGET_NAME)";
				SWIFT_EMIT_LOC_STRINGS = NO;
				SWIFT_VERSION = 5.0;
				TARGETED_DEVICE_FAMILY = "1,2";
				TEST_HOST = "$(BUILT_PRODUCTS_DIR)/Nu.app/Nu";
			};
			name = Release;
		};
		5B41332F2A978ADE0067B79D /* Debug */ = {
			isa = XCBuildConfiguration;
			buildSettings = {
				ALWAYS_EMBED_SWIFT_STANDARD_LIBRARIES = YES;
				CODE_SIGN_STYLE = Automatic;
				CURRENT_PROJECT_VERSION = 1;
				DEVELOPMENT_TEAM = 52PSRQQ7T3;
				GENERATE_INFOPLIST_FILE = YES;
				MARKETING_VERSION = 1.0;
				PRODUCT_BUNDLE_IDENTIFIER = Lau.NuUITests;
				PRODUCT_NAME = "$(TARGET_NAME)";
				SWIFT_EMIT_LOC_STRINGS = NO;
				SWIFT_VERSION = 5.0;
				TARGETED_DEVICE_FAMILY = "1,2";
				TEST_TARGET_NAME = Nu;
			};
			name = Debug;
		};
		5B4133302A978ADE0067B79D /* Release */ = {
			isa = XCBuildConfiguration;
			buildSettings = {
				ALWAYS_EMBED_SWIFT_STANDARD_LIBRARIES = YES;
				CODE_SIGN_STYLE = Automatic;
				CURRENT_PROJECT_VERSION = 1;
				DEVELOPMENT_TEAM = 52PSRQQ7T3;
				GENERATE_INFOPLIST_FILE = YES;
				MARKETING_VERSION = 1.0;
				PRODUCT_BUNDLE_IDENTIFIER = Lau.NuUITests;
				PRODUCT_NAME = "$(TARGET_NAME)";
				SWIFT_EMIT_LOC_STRINGS = NO;
				SWIFT_VERSION = 5.0;
				TARGETED_DEVICE_FAMILY = "1,2";
				TEST_TARGET_NAME = Nu;
			};
			name = Release;
		};
/* End XCBuildConfiguration section */

/* Begin XCConfigurationList section */
		5B4132FF2A978ADC0067B79D /* Build configuration list for PBXProject "Nu" */ = {
			isa = XCConfigurationList;
			buildConfigurations = (
				5B4133262A978ADE0067B79D /* Debug */,
				5B4133272A978ADE0067B79D /* Release */,
			);
			defaultConfigurationIsVisible = 0;
			defaultConfigurationName = Release;
		};
		5B4133282A978ADE0067B79D /* Build configuration list for PBXNativeTarget "Nu" */ = {
			isa = XCConfigurationList;
			buildConfigurations = (
				5B4133292A978ADE0067B79D /* Debug */,
				5B41332A2A978ADE0067B79D /* Release */,
			);
			defaultConfigurationIsVisible = 0;
			defaultConfigurationName = Release;
		};
		5B41332B2A978ADE0067B79D /* Build configuration list for PBXNativeTarget "NuTests" */ = {
			isa = XCConfigurationList;
			buildConfigurations = (
				5B41332C2A978ADE0067B79D /* Debug */,
				5B41332D2A978ADE0067B79D /* Release */,
			);
			defaultConfigurationIsVisible = 0;
			defaultConfigurationName = Release;
		};
		5B41332E2A978ADE0067B79D /* Build configuration list for PBXNativeTarget "NuUITests" */ = {
			isa = XCConfigurationList;
			buildConfigurations = (
				5B41332F2A978ADE0067B79D /* Debug */,
				5B4133302A978ADE0067B79D /* Release */,
			);
			defaultConfigurationIsVisible = 0;
			defaultConfigurationName = Release;
		};
/* End XCConfigurationList section */
	};
	rootObject = 5B4132FC2A978ADC0067B79D /* Project object */;
}
